
Microsoft Visual Studio Solution File, Format Version 9.00
# Visual Studio 2005
Project("{8BC9CEB8-8B4A-11D0-8D11-00A0C91BC942}") = "QvodPushSource", "QvodPushSource\QvodPushSource.vcproj", "{630294AC-A306-48E7-9906-AE00444B6BEC}"
EndProject
Global
	GlobalSection(SolutionConfigurationPlatforms) = preSolution
		Debug|Win32 = Debug|Win32
		Release|Win32 = Release|Win32
	EndGlobalSection
	GlobalSection(ProjectConfigurationPlatforms) = postSolution
		{630294AC-A306-48E7-9906-AE00444B6BEC}.Debug|Win32.ActiveCfg = Debug|Win32
		{630294AC-A306-48E7-9906-AE00444B6BEC}.Debug|Win32.Build.0 = Debug|Win32
		{630294AC-A306-48E7-9906-AE00444B6BEC}.Release|Win32.ActiveCfg = Release|Win32
		{630294AC-A306-48E7-9906-AE00444B6BEC}.Release|Win32.Build.0 = Release|Win32
	EndGlobalSection
	GlobalSection(SolutionProperties) = preSolution
		HideSolutionNode = FALSE
	EndGlobalSection
EndGlobal
